{
  "name": "techdevils.dice",
  "version": "1.0.0",
  "lockfileVersion": 1,
  "requires": true,
  "dependencies": {
    "arrayrandompicker": {
      "version": "1.0.3",
      "resolved": "https://registry.npmjs.org/arrayrandompicker/-/arrayrandompicker-1.0.3.tgz",
      "integrity": "sha512-a20judjppAfsqNN7THyK0jqfg5x5jvv1ZCO0OPKWXVsBzXIGgWPH14u74PVCq4kSIiV507adusgW6naA6yUcUg=="
    }
  }
}
