{
  "name": "devildice",
  "version": "01.01.00",
  "lockfileVersion": 1,
  "requires": true,
  "dependencies": {
    "arrayrandompicker": {
      "version": "1.0.3",
      "resolved": "https://registry.npmjs.org/arrayrandompicker/-/arrayrandompicker-1.0.3.tgz",
      "integrity": "sha512-a20judjppAfsqNN7THyK0jqfg5x5jvv1ZCO0OPKWXVsBzXIGgWPH14u74PVCq4kSIiV507adusgW6naA6yUcUg=="
    },
    "arraysummary": {
      "version": "1.0.1",
      "resolved": "https://registry.npmjs.org/arraysummary/-/arraysummary-1.0.1.tgz",
      "integrity": "sha512-e0XFdPkKYbhiQrq1tcGKTpC2ez0Tm4A/rjRG5RxZrA5EbzgkcREyNXf1JHVgo/fLY7Bl7w0u5gFOcKsGS3c9pg==",
      "requires": {
        "summary": "^2.1.0"
      }
    },
    "summary": {
      "version": "2.1.0",
      "resolved": "https://registry.npmjs.org/summary/-/summary-2.1.0.tgz",
      "integrity": "sha512-nMIjMrd5Z2nuB2RZCKJfFMjgS3fygbeyGk9PxPPaJR1RIcyN9yn4A63Isovzm3ZtQuEkLBVgMdPup8UeLH7aQw=="
    }
  }
}
